
Microsoft Visual Studio Solution File, Format Version 12.00
# Visual Studio Version 16
VisualStudioVersion = 16.0.31911.196
MinimumVisualStudioVersion = 10.0.40219.1
Project("{FAE04EC0-301F-11D3-BF4B-00C04F79EFBC}") = "Employee_payRoll", "Employee_payRoll\Employee_payRoll.csproj", "{5EDDC382-3A2F-411B-AB4B-F644AF447F0E}"
EndProject
Global
	GlobalSection(SolutionConfigurationPlatforms) = preSolution
		Debug|Any CPU = Debug|Any CPU
		Release|Any CPU = Release|Any CPU
	EndGlobalSection
	GlobalSection(ProjectConfigurationPlatforms) = postSolution
		{5EDDC382-3A2F-411B-AB4B-F644AF447F0E}.Debug|Any CPU.ActiveCfg = Debug|Any CPU
		{5EDDC382-3A2F-411B-AB4B-F644AF447F0E}.Debug|Any CPU.Build.0 = Debug|Any CPU
		{5EDDC382-3A2F-411B-AB4B-F644AF447F0E}.Release|Any CPU.ActiveCfg = Release|Any CPU
		{5EDDC382-3A2F-411B-AB4B-F644AF447F0E}.Release|Any CPU.Build.0 = Release|Any CPU
	EndGlobalSection
	GlobalSection(SolutionProperties) = preSolution
		HideSolutionNode = FALSE
	EndGlobalSection
	GlobalSection(ExtensibilityGlobals) = postSolution
		SolutionGuid = {679E385D-83CD-49A0-B7AB-32D92C33DC39}
	EndGlobalSection
EndGlobal
